
Microsoft Visual Studio Solution File, Format Version 12.00
# Visual Studio Version 17
VisualStudioVersion = 17.9.34728.123
MinimumVisualStudioVersion = 10.0.40219.1
Project("{9A19103F-16F7-4668-BE54-9A1E7A4F7556}") = "SiloTest", "SiloTest\SiloTest.csproj", "{E08D5A9C-367B-463A-9620-5F7A74D5A738}"
EndProject
Project("{9A19103F-16F7-4668-BE54-9A1E7A4F7556}") = "TestGrain", "TestGrain\TestGrain.csproj", "{256D8723-C1BD-470A-AB58-A71B6E90C07A}"
EndProject
Project("{9A19103F-16F7-4668-BE54-9A1E7A4F7556}") = "Test.AspNet.Client", "Test.AspNet.Client\Test.AspNet.Client.csproj", "{19EF23F2-4104-4686-BA73-88F7540CA63A}"
EndProject
Project("{9A19103F-16F7-4668-BE54-9A1E7A4F7556}") = "Orleans.Clustering.Oracle", "src\Orleans.Clustering.Oracle\Orleans.Clustering.Oracle.csproj", "{BDD60C26-C191-42F6-9DAD-EA0FACEECBD9}"
EndProject
Project("{9A19103F-16F7-4668-BE54-9A1E7A4F7556}") = "Orleans.Persistence.Oracle", "src\Orleans.Persistence.Oracle\Orleans.Persistence.Oracle.csproj", "{85B686AF-A690-4F53-9023-3D56EEFCF196}"
EndProject
Project("{9A19103F-16F7-4668-BE54-9A1E7A4F7556}") = "Orleans.Persistence.Oracle.States", "src\Orleans.Persistence.Oracle.States\Orleans.Persistence.Oracle.States.csproj", "{5878E063-2B62-4C3C-9182-B0362AF852AD}"
EndProject
Global
	GlobalSection(SolutionConfigurationPlatforms) = preSolution
		Debug|Any CPU = Debug|Any CPU
		Release|Any CPU = Release|Any CPU
	EndGlobalSection
	GlobalSection(ProjectConfigurationPlatforms) = postSolution
		{E08D5A9C-367B-463A-9620-5F7A74D5A738}.Debug|Any CPU.ActiveCfg = Debug|Any CPU
		{E08D5A9C-367B-463A-9620-5F7A74D5A738}.Debug|Any CPU.Build.0 = Debug|Any CPU
		{E08D5A9C-367B-463A-9620-5F7A74D5A738}.Release|Any CPU.ActiveCfg = Release|Any CPU
		{E08D5A9C-367B-463A-9620-5F7A74D5A738}.Release|Any CPU.Build.0 = Release|Any CPU
		{256D8723-C1BD-470A-AB58-A71B6E90C07A}.Debug|Any CPU.ActiveCfg = Debug|Any CPU
		{256D8723-C1BD-470A-AB58-A71B6E90C07A}.Debug|Any CPU.Build.0 = Debug|Any CPU
		{256D8723-C1BD-470A-AB58-A71B6E90C07A}.Release|Any CPU.ActiveCfg = Release|Any CPU
		{256D8723-C1BD-470A-AB58-A71B6E90C07A}.Release|Any CPU.Build.0 = Release|Any CPU
		{19EF23F2-4104-4686-BA73-88F7540CA63A}.Debug|Any CPU.ActiveCfg = Debug|Any CPU
		{19EF23F2-4104-4686-BA73-88F7540CA63A}.Debug|Any CPU.Build.0 = Debug|Any CPU
		{19EF23F2-4104-4686-BA73-88F7540CA63A}.Release|Any CPU.ActiveCfg = Release|Any CPU
		{19EF23F2-4104-4686-BA73-88F7540CA63A}.Release|Any CPU.Build.0 = Release|Any CPU
		{BDD60C26-C191-42F6-9DAD-EA0FACEECBD9}.Debug|Any CPU.ActiveCfg = Debug|Any CPU
		{BDD60C26-C191-42F6-9DAD-EA0FACEECBD9}.Debug|Any CPU.Build.0 = Debug|Any CPU
		{BDD60C26-C191-42F6-9DAD-EA0FACEECBD9}.Release|Any CPU.ActiveCfg = Release|Any CPU
		{BDD60C26-C191-42F6-9DAD-EA0FACEECBD9}.Release|Any CPU.Build.0 = Release|Any CPU
		{85B686AF-A690-4F53-9023-3D56EEFCF196}.Debug|Any CPU.ActiveCfg = Debug|Any CPU
		{85B686AF-A690-4F53-9023-3D56EEFCF196}.Debug|Any CPU.Build.0 = Debug|Any CPU
		{85B686AF-A690-4F53-9023-3D56EEFCF196}.Release|Any CPU.ActiveCfg = Release|Any CPU
		{85B686AF-A690-4F53-9023-3D56EEFCF196}.Release|Any CPU.Build.0 = Release|Any CPU
		{5878E063-2B62-4C3C-9182-B0362AF852AD}.Debug|Any CPU.ActiveCfg = Debug|Any CPU
		{5878E063-2B62-4C3C-9182-B0362AF852AD}.Debug|Any CPU.Build.0 = Debug|Any CPU
		{5878E063-2B62-4C3C-9182-B0362AF852AD}.Release|Any CPU.ActiveCfg = Release|Any CPU
		{5878E063-2B62-4C3C-9182-B0362AF852AD}.Release|Any CPU.Build.0 = Release|Any CPU
	EndGlobalSection
	GlobalSection(SolutionProperties) = preSolution
		HideSolutionNode = FALSE
	EndGlobalSection
	GlobalSection(ExtensibilityGlobals) = postSolution
		SolutionGuid = {551F0E10-6D44-4043-8BC6-7DF3D7955485}
	EndGlobalSection
EndGlobal
